
Microsoft Visual Studio Solution File, Format Version 12.00
# Visual Studio Version 17
VisualStudioVersion = 17.6.33829.357
MinimumVisualStudioVersion = 10.0.40219.1
Project("{FAE04EC0-301F-11D3-BF4B-00C04F79EFBC}") = "EasyWork.Server", "EasyWork.Server\EasyWork.Server.csproj", "{64AE72FF-FD8E-41A2-9A91-88B5898F3174}"
EndProject
Project("{FAE04EC0-301F-11D3-BF4B-00C04F79EFBC}") = "EasyWork.Maui", "EasyWork.Maui\EasyWork.Maui.csproj", "{42E557B3-E651-4461-B1B7-18F2DD01F3A5}"
EndProject
Project("{FAE04EC0-301F-11D3-BF4B-00C04F79EFBC}") = "EasyWork.Blazor", "EasyWork.Blazor\EasyWork.Blazor.csproj", "{9C429EFC-5C56-41F3-A957-97E3F765AEEC}"
EndProject
Global
	GlobalSection(SolutionConfigurationPlatforms) = preSolution
		Debug|Any CPU = Debug|Any CPU
		Release|Any CPU = Release|Any CPU
	EndGlobalSection
	GlobalSection(ProjectConfigurationPlatforms) = postSolution
		{64AE72FF-FD8E-41A2-9A91-88B5898F3174}.Debug|Any CPU.ActiveCfg = Debug|Any CPU
		{64AE72FF-FD8E-41A2-9A91-88B5898F3174}.Debug|Any CPU.Build.0 = Debug|Any CPU
		{64AE72FF-FD8E-41A2-9A91-88B5898F3174}.Release|Any CPU.ActiveCfg = Release|Any CPU
		{64AE72FF-FD8E-41A2-9A91-88B5898F3174}.Release|Any CPU.Build.0 = Release|Any CPU
		{42E557B3-E651-4461-B1B7-18F2DD01F3A5}.Debug|Any CPU.ActiveCfg = Debug|Any CPU
		{42E557B3-E651-4461-B1B7-18F2DD01F3A5}.Debug|Any CPU.Build.0 = Debug|Any CPU
		{42E557B3-E651-4461-B1B7-18F2DD01F3A5}.Debug|Any CPU.Deploy.0 = Debug|Any CPU
		{42E557B3-E651-4461-B1B7-18F2DD01F3A5}.Release|Any CPU.ActiveCfg = Release|Any CPU
		{42E557B3-E651-4461-B1B7-18F2DD01F3A5}.Release|Any CPU.Build.0 = Release|Any CPU
		{42E557B3-E651-4461-B1B7-18F2DD01F3A5}.Release|Any CPU.Deploy.0 = Release|Any CPU
		{9C429EFC-5C56-41F3-A957-97E3F765AEEC}.Debug|Any CPU.ActiveCfg = Debug|Any CPU
		{9C429EFC-5C56-41F3-A957-97E3F765AEEC}.Debug|Any CPU.Build.0 = Debug|Any CPU
		{9C429EFC-5C56-41F3-A957-97E3F765AEEC}.Release|Any CPU.ActiveCfg = Release|Any CPU
		{9C429EFC-5C56-41F3-A957-97E3F765AEEC}.Release|Any CPU.Build.0 = Release|Any CPU
	EndGlobalSection
	GlobalSection(SolutionProperties) = preSolution
		HideSolutionNode = FALSE
	EndGlobalSection
	GlobalSection(ExtensibilityGlobals) = postSolution
		SolutionGuid = {F16C7E4C-171C-454D-8ECD-741FC446E782}
	EndGlobalSection
EndGlobal
